// !$*UTF8*$!
{
	archiveVersion = 1;
	classes = {
	};
	objectVersion = 46;
	objects = {

/* Begin PBXBuildFile section */
		335C11A98B9F38F1FD0BADB2 /* Pods_GEOSwiftMapboxGLTests.framework in Frameworks */ = {isa = PBXBuildFile; fileRef = FC30B2E0DB51B308F3F23D7D /* Pods_GEOSwiftMapboxGLTests.framework */; };
		4923DDB025A16F1D006C646D /* CLLocationCoordinate2D+Equatable.swift in Sources */ = {isa = PBXBuildFile; fileRef = 4923DDAF25A16F1D006C646D /* CLLocationCoordinate2D+Equatable.swift */; };
		551999F5C39D78A8B1ED459F /* Pods_GEOSwiftMapboxGLTests.framework in Frameworks */ = {isa = PBXBuildFile; fileRef = 0AD09AA7006799E426866956 /* Pods_GEOSwiftMapboxGLTests.framework */; };
		5F0DC22FA0C1CCBFD126C687 /* Pods_GEOSwiftMapboxGL.framework in Frameworks */ = {isa = PBXBuildFile; fileRef = 89BE20128818B970E4AC2198 /* Pods_GEOSwiftMapboxGL.framework */; };
		7DF3A6F13BA744362BEF2CBF /* (null) in Frameworks */ = {isa = PBXBuildFile; settings = {ATTRIBUTES = (Weak, ); }; };
		81E4A0711F0C700F0073186F /* GEOSwift+MapboxGL.swift in Sources */ = {isa = PBXBuildFile; fileRef = 81E4A0701F0C700F0073186F /* GEOSwift+MapboxGL.swift */; };
		85153DE5246CF89B008A695D /* geos.framework in Frameworks */ = {isa = PBXBuildFile; fileRef = 85153DE3246CF89B008A695D /* geos.framework */; };
		85153DE7246CF89B008A695D /* GEOSwift.framework in Frameworks */ = {isa = PBXBuildFile; fileRef = 85153DE4246CF89B008A695D /* GEOSwift.framework */; };
		CD20F1DD1B2830700045D8FD /* GEOSwiftMapboxGL.framework in CopyFiles */ = {isa = PBXBuildFile; fileRef = CD2299841B10B506002C19AE /* GEOSwiftMapboxGL.framework */; settings = {ATTRIBUTES = (CodeSignOnCopy, RemoveHeadersOnCopy, ); }; };
		CD22998F1B10B506002C19AE /* GEOSwiftMapboxGL.framework in Frameworks */ = {isa = PBXBuildFile; fileRef = CD2299841B10B506002C19AE /* GEOSwiftMapboxGL.framework */; };
		CDB7EC051B287CE70055835C /* GEOSwift+MapboxGLTests.swift in Sources */ = {isa = PBXBuildFile; fileRef = CDB7EC041B287CE70055835C /* GEOSwift+MapboxGLTests.swift */; };
		DA312B501383705279D8884F /* Pods_GEOSwiftMapboxGL.framework in Frameworks */ = {isa = PBXBuildFile; fileRef = B7BE8B8564B5063CCA6CC117 /* Pods_GEOSwiftMapboxGL.framework */; };
/* End PBXBuildFile section */

/* Begin PBXContainerItemProxy section */
		CD2299901B10B506002C19AE /* PBXContainerItemProxy */ = {
			isa = PBXContainerItemProxy;
			containerPortal = CD6533A91B0E0DFF00DE6D84 /* Project object */;
			proxyType = 1;
			remoteGlobalIDString = CD2299831B10B506002C19AE;
			remoteInfo = Humboldt;
		};
/* End PBXContainerItemProxy section */

/* Begin PBXCopyFilesBuildPhase section */
		CD20F1DC1B2830600045D8FD /* CopyFiles */ = {
			isa = PBXCopyFilesBuildPhase;
			buildActionMask = 2147483647;
			dstPath = "";
			dstSubfolderSpec = 10;
			files = (
				CD20F1DD1B2830700045D8FD /* GEOSwiftMapboxGL.framework in CopyFiles */,
			);
			runOnlyForDeploymentPostprocessing = 0;
		};
/* End PBXCopyFilesBuildPhase section */

/* Begin PBXFileReference section */
		064004E2312FE3AA64F072FA /* Pods.framework */ = {isa = PBXFileReference; explicitFileType = wrapper.framework; includeInIndex = 0; path = Pods.framework; sourceTree = BUILT_PRODUCTS_DIR; };
		0AD09AA7006799E426866956 /* Pods_GEOSwiftMapboxGLTests.framework */ = {isa = PBXFileReference; explicitFileType = wrapper.framework; includeInIndex = 0; path = Pods_GEOSwiftMapboxGLTests.framework; sourceTree = BUILT_PRODUCTS_DIR; };
		4923DDAF25A16F1D006C646D /* CLLocationCoordinate2D+Equatable.swift */ = {isa = PBXFileReference; lastKnownFileType = sourcecode.swift; path = "CLLocationCoordinate2D+Equatable.swift"; sourceTree = "<group>"; };
		4929BC7A1B0BE392CD9BD0CD /* Pods-GEOSwiftMapboxGLTests.debug.xcconfig */ = {isa = PBXFileReference; includeInIndex = 1; lastKnownFileType = text.xcconfig; name = "Pods-GEOSwiftMapboxGLTests.debug.xcconfig"; path = "Pods/Target Support Files/Pods-GEOSwiftMapboxGLTests/Pods-GEOSwiftMapboxGLTests.debug.xcconfig"; sourceTree = "<group>"; };
		537B2F7965DB5ECD6E1CFB64 /* Pods-GEOSwiftMapboxGLTests.release.xcconfig */ = {isa = PBXFileReference; includeInIndex = 1; lastKnownFileType = text.xcconfig; name = "Pods-GEOSwiftMapboxGLTests.release.xcconfig"; path = "Pods/Target Support Files/Pods-GEOSwiftMapboxGLTests/Pods-GEOSwiftMapboxGLTests.release.xcconfig"; sourceTree = "<group>"; };
		7D7DCB36E4FE6316A656A43A /* Pods-GEOSwiftMapboxGL.debug.xcconfig */ = {isa = PBXFileReference; includeInIndex = 1; lastKnownFileType = text.xcconfig; name = "Pods-GEOSwiftMapboxGL.debug.xcconfig"; path = "Pods/Target Support Files/Pods-GEOSwiftMapboxGL/Pods-GEOSwiftMapboxGL.debug.xcconfig"; sourceTree = "<group>"; };
		81E4A0701F0C700F0073186F /* GEOSwift+MapboxGL.swift */ = {isa = PBXFileReference; fileEncoding = 4; lastKnownFileType = sourcecode.swift; path = "GEOSwift+MapboxGL.swift"; sourceTree = "<group>"; };
		81E4A0721F0C70790073186F /* Info.plist */ = {isa = PBXFileReference; fileEncoding = 4; lastKnownFileType = text.plist.xml; name = Info.plist; path = GEOSwiftMapboxGL/Info.plist; sourceTree = SOURCE_ROOT; };
		85153DE2246CF84F008A695D /* Pods */ = {isa = PBXFileReference; lastKnownFileType = folder; path = Pods; sourceTree = "<group>"; };
		85153DE3246CF89B008A695D /* geos.framework */ = {isa = PBXFileReference; explicitFileType = wrapper.framework; path = geos.framework; sourceTree = BUILT_PRODUCTS_DIR; };
		85153DE4246CF89B008A695D /* GEOSwift.framework */ = {isa = PBXFileReference; explicitFileType = wrapper.framework; path = GEOSwift.framework; sourceTree = BUILT_PRODUCTS_DIR; };
		89BE20128818B970E4AC2198 /* Pods_GEOSwiftMapboxGL.framework */ = {isa = PBXFileReference; explicitFileType = wrapper.framework; includeInIndex = 0; path = Pods_GEOSwiftMapboxGL.framework; sourceTree = BUILT_PRODUCTS_DIR; };
		B7BE8B8564B5063CCA6CC117 /* Pods_GEOSwiftMapboxGL.framework */ = {isa = PBXFileReference; explicitFileType = wrapper.framework; includeInIndex = 0; path = Pods_GEOSwiftMapboxGL.framework; sourceTree = BUILT_PRODUCTS_DIR; };
		CD20F1DA1B282CC40045D8FD /* Pods.framework */ = {isa = PBXFileReference; lastKnownFileType = wrapper.framework; name = Pods.framework; path = "Pods/../build/Debug-iphoneos/Pods.framework"; sourceTree = "<group>"; };
		CD2299841B10B506002C19AE /* GEOSwiftMapboxGL.framework */ = {isa = PBXFileReference; explicitFileType = wrapper.framework; includeInIndex = 0; path = GEOSwiftMapboxGL.framework; sourceTree = BUILT_PRODUCTS_DIR; };
		CD22998E1B10B506002C19AE /* GEOSwiftMapboxGLTests.xctest */ = {isa = PBXFileReference; explicitFileType = wrapper.cfbundle; includeInIndex = 0; path = GEOSwiftMapboxGLTests.xctest; sourceTree = BUILT_PRODUCTS_DIR; };
		CD2299961B10B506002C19AE /* Info.plist */ = {isa = PBXFileReference; lastKnownFileType = text.plist.xml; path = Info.plist; sourceTree = "<group>"; };
		CDB7EC041B287CE70055835C /* GEOSwift+MapboxGLTests.swift */ = {isa = PBXFileReference; fileEncoding = 4; lastKnownFileType = sourcecode.swift; path = "GEOSwift+MapboxGLTests.swift"; sourceTree = "<group>"; };
		CDDA8F591BE3E6DF007AA9EB /* Pods.framework */ = {isa = PBXFileReference; lastKnownFileType = wrapper.framework; name = Pods.framework; path = "Pods/../build/Debug-iphoneos/Pods.framework"; sourceTree = "<group>"; };
		FC30B2E0DB51B308F3F23D7D /* Pods_GEOSwiftMapboxGLTests.framework */ = {isa = PBXFileReference; explicitFileType = wrapper.framework; includeInIndex = 0; path = Pods_GEOSwiftMapboxGLTests.framework; sourceTree = BUILT_PRODUCTS_DIR; };
		FF90076F32D911E63EE5ACA5 /* Pods-GEOSwiftMapboxGL.release.xcconfig */ = {isa = PBXFileReference; includeInIndex = 1; lastKnownFileType = text.xcconfig; name = "Pods-GEOSwiftMapboxGL.release.xcconfig"; path = "Pods/Target Support Files/Pods-GEOSwiftMapboxGL/Pods-GEOSwiftMapboxGL.release.xcconfig"; sourceTree = "<group>"; };
/* End PBXFileReference section */

/* Begin PBXFrameworksBuildPhase section */
		36BA490CD3061F30F02CD17A /* Frameworks */ = {
			isa = PBXFrameworksBuildPhase;
			buildActionMask = 2147483647;
			files = (
				DA312B501383705279D8884F /* Pods_GEOSwiftMapboxGL.framework in Frameworks */,
				5F0DC22FA0C1CCBFD126C687 /* Pods_GEOSwiftMapboxGL.framework in Frameworks */,
				85153DE7246CF89B008A695D /* GEOSwift.framework in Frameworks */,
				85153DE5246CF89B008A695D /* geos.framework in Frameworks */,
			);
			runOnlyForDeploymentPostprocessing = 0;
		};
		CD22998B1B10B506002C19AE /* Frameworks */ = {
			isa = PBXFrameworksBuildPhase;
			buildActionMask = 2147483647;
			files = (
				CD22998F1B10B506002C19AE /* GEOSwiftMapboxGL.framework in Frameworks */,
				7DF3A6F13BA744362BEF2CBF /* (null) in Frameworks */,
				335C11A98B9F38F1FD0BADB2 /* Pods_GEOSwiftMapboxGLTests.framework in Frameworks */,
				551999F5C39D78A8B1ED459F /* Pods_GEOSwiftMapboxGLTests.framework in Frameworks */,
			);
			runOnlyForDeploymentPostprocessing = 0;
		};
/* End PBXFrameworksBuildPhase section */

/* Begin PBXGroup section */
		16F88BA0E437519EF7629362 /* Pods */ = {
			isa = PBXGroup;
			children = (
				7D7DCB36E4FE6316A656A43A /* Pods-GEOSwiftMapboxGL.debug.xcconfig */,
				FF90076F32D911E63EE5ACA5 /* Pods-GEOSwiftMapboxGL.release.xcconfig */,
				4929BC7A1B0BE392CD9BD0CD /* Pods-GEOSwiftMapboxGLTests.debug.xcconfig */,
				537B2F7965DB5ECD6E1CFB64 /* Pods-GEOSwiftMapboxGLTests.release.xcconfig */,
			);
			name = Pods;
			sourceTree = "<group>";
		};
		CD2299851B10B506002C19AE /* GEOSwiftMapboxGL */ = {
			isa = PBXGroup;
			children = (
				CD25D7241B2732FE008B3FB3 /* Source */,
				CD2299861B10B506002C19AE /* Supporting Files */,
			);
			name = GEOSwiftMapboxGL;
			path = Humboldt;
			sourceTree = "<group>";
		};
		CD2299861B10B506002C19AE /* Supporting Files */ = {
			isa = PBXGroup;
			children = (
				81E4A0721F0C70790073186F /* Info.plist */,
			);
			name = "Supporting Files";
			sourceTree = "<group>";
		};
		CD2299941B10B506002C19AE /* GEOSwiftMapboxGLTests */ = {
			isa = PBXGroup;
			children = (
				4923DDAF25A16F1D006C646D /* CLLocationCoordinate2D+Equatable.swift */,
				CDB7EC041B287CE70055835C /* GEOSwift+MapboxGLTests.swift */,
				CD2299951B10B506002C19AE /* Supporting Files */,
			);
			path = GEOSwiftMapboxGLTests;
			sourceTree = "<group>";
		};
		CD2299951B10B506002C19AE /* Supporting Files */ = {
			isa = PBXGroup;
			children = (
				CD2299961B10B506002C19AE /* Info.plist */,
			);
			name = "Supporting Files";
			sourceTree = "<group>";
		};
		CD25D7241B2732FE008B3FB3 /* Source */ = {
			isa = PBXGroup;
			children = (
				81E4A0701F0C700F0073186F /* GEOSwift+MapboxGL.swift */,
			);
			name = Source;
			path = GEOSwiftMapboxGL;
			sourceTree = SOURCE_ROOT;
		};
		CD6533A81B0E0DFF00DE6D84 = {
			isa = PBXGroup;
			children = (
				CD2299851B10B506002C19AE /* GEOSwiftMapboxGL */,
				CD2299941B10B506002C19AE /* GEOSwiftMapboxGLTests */,
				CD6533B21B0E0DFF00DE6D84 /* Products */,
				F249FE82CF1F95FBFCF62C71 /* Frameworks */,
				16F88BA0E437519EF7629362 /* Pods */,
			);
			sourceTree = "<group>";
		};
		CD6533B21B0E0DFF00DE6D84 /* Products */ = {
			isa = PBXGroup;
			children = (
				CD2299841B10B506002C19AE /* GEOSwiftMapboxGL.framework */,
				CD22998E1B10B506002C19AE /* GEOSwiftMapboxGLTests.xctest */,
			);
			name = Products;
			sourceTree = "<group>";
		};
		F249FE82CF1F95FBFCF62C71 /* Frameworks */ = {
			isa = PBXGroup;
			children = (
				85153DE3246CF89B008A695D /* geos.framework */,
				85153DE4246CF89B008A695D /* GEOSwift.framework */,
				85153DE2246CF84F008A695D /* Pods */,
				CDDA8F591BE3E6DF007AA9EB /* Pods.framework */,
				CD20F1DA1B282CC40045D8FD /* Pods.framework */,
				064004E2312FE3AA64F072FA /* Pods.framework */,
				B7BE8B8564B5063CCA6CC117 /* Pods_GEOSwiftMapboxGL.framework */,
				FC30B2E0DB51B308F3F23D7D /* Pods_GEOSwiftMapboxGLTests.framework */,
				89BE20128818B970E4AC2198 /* Pods_GEOSwiftMapboxGL.framework */,
				0AD09AA7006799E426866956 /* Pods_GEOSwiftMapboxGLTests.framework */,
			);
			name = Frameworks;
			sourceTree = "<group>";
		};
/* End PBXGroup section */

/* Begin PBXHeadersBuildPhase section */
		CD2299811B10B506002C19AE /* Headers */ = {
			isa = PBXHeadersBuildPhase;
			buildActionMask = 2147483647;
			files = (
			);
			runOnlyForDeploymentPostprocessing = 0;
		};
/* End PBXHeadersBuildPhase section */

/* Begin PBXNativeTarget section */
		CD2299831B10B506002C19AE /* GEOSwiftMapboxGL */ = {
			isa = PBXNativeTarget;
			buildConfigurationList = CD22999D1B10B506002C19AE /* Build configuration list for PBXNativeTarget "GEOSwiftMapboxGL" */;
			buildPhases = (
				62A7A265A251663EAA88D507 /* [CP] Check Pods Manifest.lock */,
				CD22997F1B10B506002C19AE /* Sources */,
				CD2299811B10B506002C19AE /* Headers */,
				CD2299821B10B506002C19AE /* Resources */,
				36BA490CD3061F30F02CD17A /* Frameworks */,
			);
			buildRules = (
			);
			dependencies = (
			);
			name = GEOSwiftMapboxGL;
			productName = Humboldt;
			productReference = CD2299841B10B506002C19AE /* GEOSwiftMapboxGL.framework */;
			productType = "com.apple.product-type.framework";
		};
		CD22998D1B10B506002C19AE /* GEOSwiftMapboxGLTests */ = {
			isa = PBXNativeTarget;
			buildConfigurationList = CD2299A11B10B506002C19AE /* Build configuration list for PBXNativeTarget "GEOSwiftMapboxGLTests" */;
			buildPhases = (
				606455065DF6A2BCFFD35B84 /* [CP] Check Pods Manifest.lock */,
				CD22998A1B10B506002C19AE /* Sources */,
				CD22998B1B10B506002C19AE /* Frameworks */,
				CD22998C1B10B506002C19AE /* Resources */,
				CD20F1DC1B2830600045D8FD /* CopyFiles */,
				DE7797CE079BC339662037BC /* [CP] Embed Pods Frameworks */,
			);
			buildRules = (
			);
			dependencies = (
				CD2299911B10B506002C19AE /* PBXTargetDependency */,
			);
			name = GEOSwiftMapboxGLTests;
			productName = HumboldtTests;
			productReference = CD22998E1B10B506002C19AE /* GEOSwiftMapboxGLTests.xctest */;
			productType = "com.apple.product-type.bundle.unit-test";
		};
/* End PBXNativeTarget section */

/* Begin PBXProject section */
		CD6533A91B0E0DFF00DE6D84 /* Project object */ = {
			isa = PBXProject;
			attributes = {
				LastSwiftUpdateCheck = 0700;
				LastUpgradeCheck = 1230;
				ORGANIZATIONNAME = GEOSwift;
				TargetAttributes = {
					CD2299831B10B506002C19AE = {
						CreatedOnToolsVersion = 6.3.2;
						LastSwiftMigration = 0800;
						ProvisioningStyle = Automatic;
					};
					CD22998D1B10B506002C19AE = {
						CreatedOnToolsVersion = 6.3.2;
						LastSwiftMigration = 0800;
						ProvisioningStyle = Automatic;
					};
				};
			};
			buildConfigurationList = CD6533AC1B0E0DFF00DE6D84 /* Build configuration list for PBXProject "GEOSwiftMapboxGL" */;
			compatibilityVersion = "Xcode 3.2";
			developmentRegion = English;
			hasScannedForEncodings = 0;
			knownRegions = (
				English,
				en,
				Base,
			);
			mainGroup = CD6533A81B0E0DFF00DE6D84;
			productRefGroup = CD6533B21B0E0DFF00DE6D84 /* Products */;
			projectDirPath = "";
			projectRoot = "";
			targets = (
				CD2299831B10B506002C19AE /* GEOSwiftMapboxGL */,
				CD22998D1B10B506002C19AE /* GEOSwiftMapboxGLTests */,
			);
		};
/* End PBXProject section */

/* Begin PBXResourcesBuildPhase section */
		CD2299821B10B506002C19AE /* Resources */ = {
			isa = PBXResourcesBuildPhase;
			buildActionMask = 2147483647;
			files = (
			);
			runOnlyForDeploymentPostprocessing = 0;
		};
		CD22998C1B10B506002C19AE /* Resources */ = {
			isa = PBXResourcesBuildPhase;
			buildActionMask = 2147483647;
			files = (
			);
			runOnlyForDeploymentPostprocessing = 0;
		};
/* End PBXResourcesBuildPhase section */

/* Begin PBXShellScriptBuildPhase section */
		606455065DF6A2BCFFD35B84 /* [CP] Check Pods Manifest.lock */ = {
			isa = PBXShellScriptBuildPhase;
			buildActionMask = 2147483647;
			files = (
			);
			inputPaths = (
				"${PODS_PODFILE_DIR_PATH}/Podfile.lock",
				"${PODS_ROOT}/Manifest.lock",
			);
			name = "[CP] Check Pods Manifest.lock";
			outputPaths = (
				"$(DERIVED_FILE_DIR)/Pods-GEOSwiftMapboxGLTests-checkManifestLockResult.txt",
			);
			runOnlyForDeploymentPostprocessing = 0;
			shellPath = /bin/sh;
			shellScript = "diff \"${PODS_PODFILE_DIR_PATH}/Podfile.lock\" \"${PODS_ROOT}/Manifest.lock\" > /dev/null\nif [ $? != 0 ] ; then\n    # print error to STDERR\n    echo \"error: The sandbox is not in sync with the Podfile.lock. Run 'pod install' or update your CocoaPods installation.\" >&2\n    exit 1\nfi\n# This output is used by Xcode 'outputs' to avoid re-running this script phase.\necho \"SUCCESS\" > \"${SCRIPT_OUTPUT_FILE_0}\"\n";
			showEnvVarsInLog = 0;
		};
		62A7A265A251663EAA88D507 /* [CP] Check Pods Manifest.lock */ = {
			isa = PBXShellScriptBuildPhase;
			buildActionMask = 2147483647;
			files = (
			);
			inputPaths = (
				"${PODS_PODFILE_DIR_PATH}/Podfile.lock",
				"${PODS_ROOT}/Manifest.lock",
			);
			name = "[CP] Check Pods Manifest.lock";
			outputPaths = (
				"$(DERIVED_FILE_DIR)/Pods-GEOSwiftMapboxGL-checkManifestLockResult.txt",
			);
			runOnlyForDeploymentPostprocessing = 0;
			shellPath = /bin/sh;
			shellScript = "diff \"${PODS_PODFILE_DIR_PATH}/Podfile.lock\" \"${PODS_ROOT}/Manifest.lock\" > /dev/null\nif [ $? != 0 ] ; then\n    # print error to STDERR\n    echo \"error: The sandbox is not in sync with the Podfile.lock. Run 'pod install' or update your CocoaPods installation.\" >&2\n    exit 1\nfi\n# This output is used by Xcode 'outputs' to avoid re-running this script phase.\necho \"SUCCESS\" > \"${SCRIPT_OUTPUT_FILE_0}\"\n";
			showEnvVarsInLog = 0;
		};
		DE7797CE079BC339662037BC /* [CP] Embed Pods Frameworks */ = {
			isa = PBXShellScriptBuildPhase;
			buildActionMask = 2147483647;
			files = (
			);
			inputPaths = (
				"${PODS_ROOT}/Target Support Files/Pods-GEOSwiftMapboxGLTests/Pods-GEOSwiftMapboxGLTests-frameworks.sh",
				"${BUILT_PRODUCTS_DIR}/GEOSwift/GEOSwift.framework",
				"${PODS_ROOT}/Mapbox-iOS-SDK/dynamic/Mapbox.framework",
				"${BUILT_PRODUCTS_DIR}/geos/geos.framework",
			);
			name = "[CP] Embed Pods Frameworks";
			outputPaths = (
				"${TARGET_BUILD_DIR}/${FRAMEWORKS_FOLDER_PATH}/GEOSwift.framework",
				"${TARGET_BUILD_DIR}/${FRAMEWORKS_FOLDER_PATH}/Mapbox.framework",
				"${TARGET_BUILD_DIR}/${FRAMEWORKS_FOLDER_PATH}/geos.framework",
			);
			runOnlyForDeploymentPostprocessing = 0;
			shellPath = /bin/sh;
			shellScript = "\"${PODS_ROOT}/Target Support Files/Pods-GEOSwiftMapboxGLTests/Pods-GEOSwiftMapboxGLTests-frameworks.sh\"\n";
			showEnvVarsInLog = 0;
		};
/* End PBXShellScriptBuildPhase section */

/* Begin PBXSourcesBuildPhase section */
		CD22997F1B10B506002C19AE /* Sources */ = {
			isa = PBXSourcesBuildPhase;
			buildActionMask = 2147483647;
			files = (
				81E4A0711F0C700F0073186F /* GEOSwift+MapboxGL.swift in Sources */,
			);
			runOnlyForDeploymentPostprocessing = 0;
		};
		CD22998A1B10B506002C19AE /* Sources */ = {
			isa = PBXSourcesBuildPhase;
			buildActionMask = 2147483647;
			files = (
				4923DDB025A16F1D006C646D /* CLLocationCoordinate2D+Equatable.swift in Sources */,
				CDB7EC051B287CE70055835C /* GEOSwift+MapboxGLTests.swift in Sources */,
			);
			runOnlyForDeploymentPostprocessing = 0;
		};
/* End PBXSourcesBuildPhase section */

/* Begin PBXTargetDependency section */
		CD2299911B10B506002C19AE /* PBXTargetDependency */ = {
			isa = PBXTargetDependency;
			target = CD2299831B10B506002C19AE /* GEOSwiftMapboxGL */;
			targetProxy = CD2299901B10B506002C19AE /* PBXContainerItemProxy */;
		};
/* End PBXTargetDependency section */

/* Begin XCBuildConfiguration section */
		CD22999E1B10B506002C19AE /* Debug */ = {
			isa = XCBuildConfiguration;
			baseConfigurationReference = 7D7DCB36E4FE6316A656A43A /* Pods-GEOSwiftMapboxGL.debug.xcconfig */;
			buildSettings = {
				CLANG_ALLOW_NON_MODULAR_INCLUDES_IN_FRAMEWORK_MODULES = YES;
				CLANG_CXX_LIBRARY = "compiler-default";
				"CODE_SIGN_IDENTITY[sdk=iphoneos*]" = "";
				CURRENT_PROJECT_VERSION = 1;
				DEFINES_MODULE = YES;
				DYLIB_COMPATIBILITY_VERSION = 1;
				DYLIB_CURRENT_VERSION = 1;
				DYLIB_INSTALL_NAME_BASE = "@rpath";
				GCC_PREPROCESSOR_DEFINITIONS = (
					"DEBUG=1",
					"$(inherited)",
				);
				INFOPLIST_FILE = GEOSwiftMapboxGL/Info.plist;
				INSTALL_PATH = "$(LOCAL_LIBRARY_DIR)/Frameworks";
				PRODUCT_BUNDLE_IDENTIFIER = "com.GEOSwift.$(PRODUCT_NAME:rfc1034identifier)";
				PRODUCT_NAME = "$(TARGET_NAME)";
				SKIP_INSTALL = YES;
				SWIFT_VERSION = 5.0;
				TARGETED_DEVICE_FAMILY = "1,2";
				VERSIONING_SYSTEM = "apple-generic";
				VERSION_INFO_PREFIX = "";
			};
			name = Debug;
		};
		CD22999F1B10B506002C19AE /* Release */ = {
			isa = XCBuildConfiguration;
			baseConfigurationReference = FF90076F32D911E63EE5ACA5 /* Pods-GEOSwiftMapboxGL.release.xcconfig */;
			buildSettings = {
				CLANG_ALLOW_NON_MODULAR_INCLUDES_IN_FRAMEWORK_MODULES = YES;
				CLANG_CXX_LIBRARY = "compiler-default";
				"CODE_SIGN_IDENTITY[sdk=iphoneos*]" = "";
				CURRENT_PROJECT_VERSION = 1;
				DEFINES_MODULE = YES;
				DYLIB_COMPATIBILITY_VERSION = 1;
				DYLIB_CURRENT_VERSION = 1;
				DYLIB_INSTALL_NAME_BASE = "@rpath";
				INFOPLIST_FILE = GEOSwiftMapboxGL/Info.plist;
				INSTALL_PATH = "$(LOCAL_LIBRARY_DIR)/Frameworks";
				PRODUCT_BUNDLE_IDENTIFIER = "com.GEOSwift.$(PRODUCT_NAME:rfc1034identifier)";
				PRODUCT_NAME = "$(TARGET_NAME)";
				SKIP_INSTALL = YES;
				SWIFT_VERSION = 5.0;
				TARGETED_DEVICE_FAMILY = "1,2";
				VERSIONING_SYSTEM = "apple-generic";
				VERSION_INFO_PREFIX = "";
			};
			name = Release;
		};
		CD2299A21B10B506002C19AE /* Debug */ = {
			isa = XCBuildConfiguration;
			baseConfigurationReference = 4929BC7A1B0BE392CD9BD0CD /* Pods-GEOSwiftMapboxGLTests.debug.xcconfig */;
			buildSettings = {
				CLANG_CXX_LIBRARY = "compiler-default";
				"CODE_SIGN_IDENTITY[sdk=iphoneos*]" = "iPhone Developer";
				GCC_PREPROCESSOR_DEFINITIONS = (
					"DEBUG=1",
					"$(inherited)",
				);
				INFOPLIST_FILE = GEOSwiftMapboxGLTests/Info.plist;
				LD_RUNPATH_SEARCH_PATHS = "$(inherited)";
				PRODUCT_BUNDLE_IDENTIFIER = "com.GEOSwift.$(PRODUCT_NAME:rfc1034identifier)";
				PRODUCT_NAME = "$(TARGET_NAME)";
				SWIFT_VERSION = 5.0;
			};
			name = Debug;
		};
		CD2299A31B10B506002C19AE /* Release */ = {
			isa = XCBuildConfiguration;
			baseConfigurationReference = 537B2F7965DB5ECD6E1CFB64 /* Pods-GEOSwiftMapboxGLTests.release.xcconfig */;
			buildSettings = {
				CLANG_CXX_LIBRARY = "compiler-default";
				"CODE_SIGN_IDENTITY[sdk=iphoneos*]" = "iPhone Developer";
				INFOPLIST_FILE = GEOSwiftMapboxGLTests/Info.plist;
				LD_RUNPATH_SEARCH_PATHS = "$(inherited)";
				PRODUCT_BUNDLE_IDENTIFIER = "com.GEOSwift.$(PRODUCT_NAME:rfc1034identifier)";
				PRODUCT_NAME = "$(TARGET_NAME)";
				SWIFT_VERSION = 5.0;
			};
			name = Release;
		};
		CD6533CE1B0E0DFF00DE6D84 /* Debug */ = {
			isa = XCBuildConfiguration;
			buildSettings = {
				ALWAYS_SEARCH_USER_PATHS = NO;
				CLANG_ANALYZER_LOCALIZABILITY_NONLOCALIZED = YES;
				CLANG_CXX_LANGUAGE_STANDARD = "gnu++0x";
				CLANG_ENABLE_MODULES = YES;
				CLANG_ENABLE_OBJC_ARC = YES;
				CLANG_WARN_BLOCK_CAPTURE_AUTORELEASING = YES;
				CLANG_WARN_BOOL_CONVERSION = YES;
				CLANG_WARN_COMMA = YES;
				CLANG_WARN_CONSTANT_CONVERSION = YES;
				CLANG_WARN_DEPRECATED_OBJC_IMPLEMENTATIONS = YES;
				CLANG_WARN_DIRECT_OBJC_ISA_USAGE = YES_ERROR;
				CLANG_WARN_EMPTY_BODY = YES;
				CLANG_WARN_ENUM_CONVERSION = YES;
				CLANG_WARN_INFINITE_RECURSION = YES;
				CLANG_WARN_INT_CONVERSION = YES;
				CLANG_WARN_NON_LITERAL_NULL_CONVERSION = YES;
				CLANG_WARN_OBJC_IMPLICIT_RETAIN_SELF = YES;
				CLANG_WARN_OBJC_LITERAL_CONVERSION = YES;
				CLANG_WARN_OBJC_ROOT_CLASS = YES_ERROR;
				CLANG_WARN_QUOTED_INCLUDE_IN_FRAMEWORK_HEADER = YES;
				CLANG_WARN_RANGE_LOOP_ANALYSIS = YES;
				CLANG_WARN_STRICT_PROTOTYPES = YES;
				CLANG_WARN_SUSPICIOUS_MOVE = YES;
				CLANG_WARN_UNREACHABLE_CODE = YES;
				CLANG_WARN__DUPLICATE_METHOD_MATCH = YES;
				CODE_SIGN_IDENTITY = "iPhone Developer";
				COPY_PHASE_STRIP = NO;
				DEBUG_INFORMATION_FORMAT = "dwarf-with-dsym";
				ENABLE_STRICT_OBJC_MSGSEND = YES;
				ENABLE_TESTABILITY = YES;
				GCC_C_LANGUAGE_STANDARD = gnu99;
				GCC_DYNAMIC_NO_PIC = NO;
				GCC_NO_COMMON_BLOCKS = YES;
				GCC_OPTIMIZATION_LEVEL = 0;
				GCC_PREPROCESSOR_DEFINITIONS = (
					"DEBUG=1",
					"$(inherited)",
				);
				GCC_SYMBOLS_PRIVATE_EXTERN = NO;
				GCC_WARN_64_TO_32_BIT_CONVERSION = YES;
				GCC_WARN_ABOUT_RETURN_TYPE = YES_ERROR;
				GCC_WARN_UNDECLARED_SELECTOR = YES;
				GCC_WARN_UNINITIALIZED_AUTOS = YES_AGGRESSIVE;
				GCC_WARN_UNUSED_FUNCTION = YES;
				GCC_WARN_UNUSED_VARIABLE = YES;
				IPHONEOS_DEPLOYMENT_TARGET = 9.0;
				MTL_ENABLE_DEBUG_INFO = YES;
				ONLY_ACTIVE_ARCH = YES;
				SDKROOT = iphoneos;
				SWIFT_OPTIMIZATION_LEVEL = "-Onone";
				SWIFT_VERSION = 5.0;
			};
			name = Debug;
		};
		CD6533CF1B0E0DFF00DE6D84 /* Release */ = {
			isa = XCBuildConfiguration;
			buildSettings = {
				ALWAYS_SEARCH_USER_PATHS = NO;
				CLANG_ANALYZER_LOCALIZABILITY_NONLOCALIZED = YES;
				CLANG_CXX_LANGUAGE_STANDARD = "gnu++0x";
				CLANG_ENABLE_MODULES = YES;
				CLANG_ENABLE_OBJC_ARC = YES;
				CLANG_WARN_BLOCK_CAPTURE_AUTORELEASING = YES;
				CLANG_WARN_BOOL_CONVERSION = YES;
				CLANG_WARN_COMMA = YES;
				CLANG_WARN_CONSTANT_CONVERSION = YES;
				CLANG_WARN_DEPRECATED_OBJC_IMPLEMENTATIONS = YES;
				CLANG_WARN_DIRECT_OBJC_ISA_USAGE = YES_ERROR;
				CLANG_WARN_EMPTY_BODY = YES;
				CLANG_WARN_ENUM_CONVERSION = YES;
				CLANG_WARN_INFINITE_RECURSION = YES;
				CLANG_WARN_INT_CONVERSION = YES;
				CLANG_WARN_NON_LITERAL_NULL_CONVERSION = YES;
				CLANG_WARN_OBJC_IMPLICIT_RETAIN_SELF = YES;
				CLANG_WARN_OBJC_LITERAL_CONVERSION = YES;
				CLANG_WARN_OBJC_ROOT_CLASS = YES_ERROR;
				CLANG_WARN_QUOTED_INCLUDE_IN_FRAMEWORK_HEADER = YES;
				CLANG_WARN_RANGE_LOOP_ANALYSIS = YES;
				CLANG_WARN_STRICT_PROTOTYPES = YES;
				CLANG_WARN_SUSPICIOUS_MOVE = YES;
				CLANG_WARN_UNREACHABLE_CODE = YES;
				CLANG_WARN__DUPLICATE_METHOD_MATCH = YES;
				CODE_SIGN_IDENTITY = "iPhone Developer";
				COPY_PHASE_STRIP = NO;
				DEBUG_INFORMATION_FORMAT = "dwarf-with-dsym";
				ENABLE_NS_ASSERTIONS = NO;
				ENABLE_STRICT_OBJC_MSGSEND = YES;
				GCC_C_LANGUAGE_STANDARD = gnu99;
				GCC_NO_COMMON_BLOCKS = YES;
				GCC_WARN_64_TO_32_BIT_CONVERSION = YES;
				GCC_WARN_ABOUT_RETURN_TYPE = YES_ERROR;
				GCC_WARN_UNDECLARED_SELECTOR = YES;
				GCC_WARN_UNINITIALIZED_AUTOS = YES_AGGRESSIVE;
				GCC_WARN_UNUSED_FUNCTION = YES;
				GCC_WARN_UNUSED_VARIABLE = YES;
				IPHONEOS_DEPLOYMENT_TARGET = 9.0;
				MTL_ENABLE_DEBUG_INFO = NO;
				SDKROOT = iphoneos;
				SWIFT_OPTIMIZATION_LEVEL = "-Owholemodule";
				SWIFT_VERSION = 5.0;
				VALIDATE_PRODUCT = YES;
			};
			name = Release;
		};
/* End XCBuildConfiguration section */

/* Begin XCConfigurationList section */
		CD22999D1B10B506002C19AE /* Build configuration list for PBXNativeTarget "GEOSwiftMapboxGL" */ = {
			isa = XCConfigurationList;
			buildConfigurations = (
				CD22999E1B10B506002C19AE /* Debug */,
				CD22999F1B10B506002C19AE /* Release */,
			);
			defaultConfigurationIsVisible = 0;
			defaultConfigurationName = Release;
		};
		CD2299A11B10B506002C19AE /* Build configuration list for PBXNativeTarget "GEOSwiftMapboxGLTests" */ = {
			isa = XCConfigurationList;
			buildConfigurations = (
				CD2299A21B10B506002C19AE /* Debug */,
				CD2299A31B10B506002C19AE /* Release */,
			);
			defaultConfigurationIsVisible = 0;
			defaultConfigurationName = Release;
		};
		CD6533AC1B0E0DFF00DE6D84 /* Build configuration list for PBXProject "GEOSwiftMapboxGL" */ = {
			isa = XCConfigurationList;
			buildConfigurations = (
				CD6533CE1B0E0DFF00DE6D84 /* Debug */,
				CD6533CF1B0E0DFF00DE6D84 /* Release */,
			);
			defaultConfigurationIsVisible = 0;
			defaultConfigurationName = Release;
		};
/* End XCConfigurationList section */
	};
	rootObject = CD6533A91B0E0DFF00DE6D84 /* Project object */;
}
